
Microsoft Visual Studio Solution File, Format Version 12.00
# Visual Studio Version 16
VisualStudioVersion = 16.0.31702.278
MinimumVisualStudioVersion = 10.0.40219.1
Project("{FAE04EC0-301F-11D3-BF4B-00C04F79EFBC}") = "classwork3", "classwork3.csproj", "{A8A9AB65-FD2A-44EF-8B0E-E59E1292EF57}"
EndProject
Project("{FAE04EC0-301F-11D3-BF4B-00C04F79EFBC}") = "Homeworktm3", "..\Homeworktm3\Homeworktm3.csproj", "{70417247-D887-4E03-8724-A69F55845221}"
EndProject
Project("{FAE04EC0-301F-11D3-BF4B-00C04F79EFBC}") = "Homeworkfile3", "..\Homeworkfile3\Homeworkfile3.csproj", "{7B9716E4-16AE-4CB5-87F3-E997845E6130}"
EndProject
Global
	GlobalSection(SolutionConfigurationPlatforms) = preSolution
		Debug|Any CPU = Debug|Any CPU
		Release|Any CPU = Release|Any CPU
	EndGlobalSection
	GlobalSection(ProjectConfigurationPlatforms) = postSolution
		{A8A9AB65-FD2A-44EF-8B0E-E59E1292EF57}.Debug|Any CPU.ActiveCfg = Debug|Any CPU
		{A8A9AB65-FD2A-44EF-8B0E-E59E1292EF57}.Debug|Any CPU.Build.0 = Debug|Any CPU
		{A8A9AB65-FD2A-44EF-8B0E-E59E1292EF57}.Release|Any CPU.ActiveCfg = Release|Any CPU
		{A8A9AB65-FD2A-44EF-8B0E-E59E1292EF57}.Release|Any CPU.Build.0 = Release|Any CPU
		{70417247-D887-4E03-8724-A69F55845221}.Debug|Any CPU.ActiveCfg = Debug|Any CPU
		{70417247-D887-4E03-8724-A69F55845221}.Debug|Any CPU.Build.0 = Debug|Any CPU
		{70417247-D887-4E03-8724-A69F55845221}.Release|Any CPU.ActiveCfg = Release|Any CPU
		{70417247-D887-4E03-8724-A69F55845221}.Release|Any CPU.Build.0 = Release|Any CPU
		{7B9716E4-16AE-4CB5-87F3-E997845E6130}.Debug|Any CPU.ActiveCfg = Debug|Any CPU
		{7B9716E4-16AE-4CB5-87F3-E997845E6130}.Debug|Any CPU.Build.0 = Debug|Any CPU
		{7B9716E4-16AE-4CB5-87F3-E997845E6130}.Release|Any CPU.ActiveCfg = Release|Any CPU
		{7B9716E4-16AE-4CB5-87F3-E997845E6130}.Release|Any CPU.Build.0 = Release|Any CPU
	EndGlobalSection
	GlobalSection(SolutionProperties) = preSolution
		HideSolutionNode = FALSE
	EndGlobalSection
	GlobalSection(ExtensibilityGlobals) = postSolution
		SolutionGuid = {AB3A931F-FD82-4CA5-B434-396CB2A5140F}
	EndGlobalSection
EndGlobal
